<?xml version="1.0" encoding="UTF-8" standalone="yes" ?>
<CodeBlocks_project_file>
	<FileVersion major="1" minor="6" />
	<Project>
		<Option title="SeparateProcess" />
		<Option pch_mode="2" />
		<Option compiler="gcc" />
		<Build>
			<Target title="Debug">
				<Option output="$(PROJECT_NAME)" prefix_auto="1" extension_auto="1" />
				<Option object_output="out/Debug/" />
				<Option type="1" />
				<Option compiler="gcc" />
				<Compiler>
					<Add option="-g" />
					<Add directory="E:/CppUTest/include" />
				</Compiler>
				<Linker>
					<Add library="CppUTest" />
					<Add library="CppUTestExt" />
					<Add directory="E:/CppUTest/lib" />
				</Linker>
			</Target>
			<Target title="Debug.Mac">
				<Option output="$(PROJECT_NAME).app" prefix_auto="1" extension_auto="0" />
				<Option object_output="out/Debug/" />
				<Option type="1" />
				<Option compiler="gcc" />
				<Option parameters="-v -p ;exit" />
				<Compiler>
					<Add option="-g" />
					<Add directory="/Users/arnd/d/dev/05_CppUTest/cpputest/include" />
				</Compiler>
				<Linker>
					<Add library="CppUTest" />
					<Add library="CppUTestExt" />
					<Add directory="/Users/arnd/d/dev/05_CppUTest/cpputest/lib" />
				</Linker>
			</Target>
		</Build>
		<Compiler>
			<Add option="-Wextra" />
			<Add option="-Wall" />
			<Add option="-Werror" />
		</Compiler>
		<Unit filename="README" />
		<Unit filename="SeparateProcessTests.cpp" />
		<Extensions>
			<code_completion />
			<debugger />
			<envvars />
		</Extensions>
	</Project>
</CodeBlocks_project_file>
