// !$*UTF8*$!
{
	archiveVersion = 1;
	classes = {
	};
	objectVersion = 46;
	objects = {

/* Begin PBXFileReference section */
		9716A2AC1ABD53C200EABF22 /* Control_class_wrapper_c.c */ = {isa = PBXFileReference; fileEncoding = 4; lastKnownFileType = sourcecode.c.c; path = Control_class_wrapper_c.c; sourceTree = "<group>"; };
		9716A2AD1ABD53C200EABF22 /* Control_class_wrapper.cpp */ = {isa = PBXFileReference; fileEncoding = 4; lastKnownFileType = sourcecode.cpp.cpp; path = Control_class_wrapper.cpp; sourceTree = "<group>"; };
		9716A2AE1ABD53C200EABF22 /* Control_class.c */ = {isa = PBXFileReference; fileEncoding = 4; lastKnownFileType = sourcecode.c.c; path = Control_class.c; sourceTree = "<group>"; };
		9716A2AF1ABD53C200EABF22 /* Control_class.h */ = {isa = PBXFileReference; fileEncoding = 4; lastKnownFileType = sourcecode.c.h; path = Control_class.h; sourceTree = "<group>"; };
		9716A2B01ABD53C200EABF22 /* Makefile */ = {isa = PBXFileReference; fileEncoding = 4; lastKnownFileType = sourcecode.make; path = Makefile; sourceTree = "<group>"; };
		9716A2B11ABD53C200EABF22 /* RunAllTests.cpp */ = {isa = PBXFileReference; fileEncoding = 4; lastKnownFileType = sourcecode.cpp.cpp; path = RunAllTests.cpp; sourceTree = "<group>"; };
		9716A2B21ABD53C200EABF22 /* TestingMainWithDefineTests.cpp */ = {isa = PBXFileReference; fileEncoding = 4; lastKnownFileType = sourcecode.cpp.cpp; path = TestingMainWithDefineTests.cpp; sourceTree = "<group>"; };
		9716A2B31ABD53C200EABF22 /* TestingMainWithNamespaceTests.cpp */ = {isa = PBXFileReference; fileEncoding = 4; lastKnownFileType = sourcecode.cpp.cpp; path = TestingMainWithNamespaceTests.cpp; sourceTree = "<group>"; };
/* End PBXFileReference section */

/* Begin PBXGroup section */
		9716A29D1ABD51D000EABF22 = {
			isa = PBXGroup;
			children = (
				9716A2AC1ABD53C200EABF22 /* Control_class_wrapper_c.c */,
				9716A2AD1ABD53C200EABF22 /* Control_class_wrapper.cpp */,
				9716A2AE1ABD53C200EABF22 /* Control_class.c */,
				9716A2AF1ABD53C200EABF22 /* Control_class.h */,
				9716A2B01ABD53C200EABF22 /* Makefile */,
				9716A2B11ABD53C200EABF22 /* RunAllTests.cpp */,
				9716A2B21ABD53C200EABF22 /* TestingMainWithDefineTests.cpp */,
				9716A2B31ABD53C200EABF22 /* TestingMainWithNamespaceTests.cpp */,
			);
			sourceTree = "<group>";
		};
/* End PBXGroup section */

/* Begin PBXLegacyTarget section */
		9716A2A21ABD51D000EABF22 /* TestingMainWithNamespaceTests */ = {
			isa = PBXLegacyTarget;
			buildArgumentsString = TestingMainWithNamespaceTests.exe;
			buildConfigurationList = 9716A2A51ABD51D000EABF22 /* Build configuration list for PBXLegacyTarget "TestingMainWithNamespaceTests" */;
			buildPhases = (
			);
			buildToolPath = /usr/bin/make;
			buildWorkingDirectory = .;
			dependencies = (
			);
			name = TestingMainWithNamespaceTests;
			passBuildSettingsInEnvironment = 0;
			productName = TestingMainTests;
		};
		9716A2A81ABD521700EABF22 /* TestingMainWithDefineTests */ = {
			isa = PBXLegacyTarget;
			buildArgumentsString = TestingMainWithDefineTests.exe;
			buildConfigurationList = 9716A2A91ABD521700EABF22 /* Build configuration list for PBXLegacyTarget "TestingMainWithDefineTests" */;
			buildPhases = (
			);
			buildToolPath = /usr/bin/make;
			buildWorkingDirectory = .;
			dependencies = (
			);
			name = TestingMainWithDefineTests;
			passBuildSettingsInEnvironment = 0;
			productName = TestingMainTests;
		};
/* End PBXLegacyTarget section */

/* Begin PBXProject section */
		9716A29E1ABD51D000EABF22 /* Project object */ = {
			isa = PBXProject;
			attributes = {
				LastUpgradeCheck = 0620;
				ORGANIZATIONNAME = "Arnd R. Strube";
				TargetAttributes = {
					9716A2A21ABD51D000EABF22 = {
						CreatedOnToolsVersion = 6.2;
					};
				};
			};
			buildConfigurationList = 9716A2A11ABD51D000EABF22 /* Build configuration list for PBXProject "TestingMainTests" */;
			compatibilityVersion = "Xcode 3.2";
			developmentRegion = English;
			hasScannedForEncodings = 0;
			knownRegions = (
				en,
			);
			mainGroup = 9716A29D1ABD51D000EABF22;
			projectDirPath = "";
			projectRoot = "";
			targets = (
				9716A2A21ABD51D000EABF22 /* TestingMainWithNamespaceTests */,
				9716A2A81ABD521700EABF22 /* TestingMainWithDefineTests */,
			);
		};
/* End PBXProject section */

/* Begin XCBuildConfiguration section */
		9716A2A31ABD51D000EABF22 /* Debug */ = {
			isa = XCBuildConfiguration;
			buildSettings = {
				ALWAYS_SEARCH_USER_PATHS = NO;
				CLANG_CXX_LANGUAGE_STANDARD = "gnu++0x";
				CLANG_CXX_LIBRARY = "libc++";
				CLANG_ENABLE_MODULES = YES;
				CLANG_ENABLE_OBJC_ARC = YES;
				CLANG_WARN_BOOL_CONVERSION = YES;
				CLANG_WARN_CONSTANT_CONVERSION = YES;
				CLANG_WARN_DIRECT_OBJC_ISA_USAGE = YES_ERROR;
				CLANG_WARN_EMPTY_BODY = YES;
				CLANG_WARN_ENUM_CONVERSION = YES;
				CLANG_WARN_INT_CONVERSION = YES;
				CLANG_WARN_OBJC_ROOT_CLASS = YES_ERROR;
				CLANG_WARN_UNREACHABLE_CODE = YES;
				CLANG_WARN__DUPLICATE_METHOD_MATCH = YES;
				COPY_PHASE_STRIP = NO;
				ENABLE_STRICT_OBJC_MSGSEND = YES;
				GCC_C_LANGUAGE_STANDARD = gnu99;
				GCC_DYNAMIC_NO_PIC = NO;
				GCC_OPTIMIZATION_LEVEL = 0;
				GCC_PREPROCESSOR_DEFINITIONS = (
					"DEBUG=1",
					"$(inherited)",
				);
				GCC_SYMBOLS_PRIVATE_EXTERN = NO;
				GCC_WARN_64_TO_32_BIT_CONVERSION = YES;
				GCC_WARN_ABOUT_RETURN_TYPE = YES_ERROR;
				GCC_WARN_UNDECLARED_SELECTOR = YES;
				GCC_WARN_UNINITIALIZED_AUTOS = YES_AGGRESSIVE;
				GCC_WARN_UNUSED_FUNCTION = YES;
				GCC_WARN_UNUSED_VARIABLE = YES;
				MACOSX_DEPLOYMENT_TARGET = 10.10;
				MTL_ENABLE_DEBUG_INFO = YES;
				ONLY_ACTIVE_ARCH = YES;
				SDKROOT = macosx;
			};
			name = Debug;
		};
		9716A2A41ABD51D000EABF22 /* Release */ = {
			isa = XCBuildConfiguration;
			buildSettings = {
				ALWAYS_SEARCH_USER_PATHS = NO;
				CLANG_CXX_LANGUAGE_STANDARD = "gnu++0x";
				CLANG_CXX_LIBRARY = "libc++";
				CLANG_ENABLE_MODULES = YES;
				CLANG_ENABLE_OBJC_ARC = YES;
				CLANG_WARN_BOOL_CONVERSION = YES;
				CLANG_WARN_CONSTANT_CONVERSION = YES;
				CLANG_WARN_DIRECT_OBJC_ISA_USAGE = YES_ERROR;
				CLANG_WARN_EMPTY_BODY = YES;
				CLANG_WARN_ENUM_CONVERSION = YES;
				CLANG_WARN_INT_CONVERSION = YES;
				CLANG_WARN_OBJC_ROOT_CLASS = YES_ERROR;
				CLANG_WARN_UNREACHABLE_CODE = YES;
				CLANG_WARN__DUPLICATE_METHOD_MATCH = YES;
				COPY_PHASE_STRIP = NO;
				DEBUG_INFORMATION_FORMAT = "dwarf-with-dsym";
				ENABLE_NS_ASSERTIONS = NO;
				ENABLE_STRICT_OBJC_MSGSEND = YES;
				GCC_C_LANGUAGE_STANDARD = gnu99;
				GCC_WARN_64_TO_32_BIT_CONVERSION = YES;
				GCC_WARN_ABOUT_RETURN_TYPE = YES_ERROR;
				GCC_WARN_UNDECLARED_SELECTOR = YES;
				GCC_WARN_UNINITIALIZED_AUTOS = YES_AGGRESSIVE;
				GCC_WARN_UNUSED_FUNCTION = YES;
				GCC_WARN_UNUSED_VARIABLE = YES;
				MACOSX_DEPLOYMENT_TARGET = 10.10;
				MTL_ENABLE_DEBUG_INFO = NO;
				SDKROOT = macosx;
			};
			name = Release;
		};
		9716A2A61ABD51D000EABF22 /* Debug */ = {
			isa = XCBuildConfiguration;
			buildSettings = {
				DEBUGGING_SYMBOLS = YES;
				GCC_GENERATE_DEBUGGING_SYMBOLS = YES;
				GCC_OPTIMIZATION_LEVEL = 0;
				OTHER_CFLAGS = "";
				OTHER_LDFLAGS = "";
				PRODUCT_NAME = "$(TARGET_NAME)";
			};
			name = Debug;
		};
		9716A2A71ABD51D000EABF22 /* Release */ = {
			isa = XCBuildConfiguration;
			buildSettings = {
				OTHER_CFLAGS = "";
				OTHER_LDFLAGS = "";
				PRODUCT_NAME = "$(TARGET_NAME)";
			};
			name = Release;
		};
		9716A2AA1ABD521700EABF22 /* Debug */ = {
			isa = XCBuildConfiguration;
			buildSettings = {
				DEBUGGING_SYMBOLS = YES;
				GCC_GENERATE_DEBUGGING_SYMBOLS = YES;
				GCC_OPTIMIZATION_LEVEL = 0;
				OTHER_CFLAGS = "";
				OTHER_LDFLAGS = "";
				PRODUCT_NAME = "TestingMainTests copy";
			};
			name = Debug;
		};
		9716A2AB1ABD521700EABF22 /* Release */ = {
			isa = XCBuildConfiguration;
			buildSettings = {
				OTHER_CFLAGS = "";
				OTHER_LDFLAGS = "";
				PRODUCT_NAME = "TestingMainTests copy";
			};
			name = Release;
		};
/* End XCBuildConfiguration section */

/* Begin XCConfigurationList section */
		9716A2A11ABD51D000EABF22 /* Build configuration list for PBXProject "TestingMainTests" */ = {
			isa = XCConfigurationList;
			buildConfigurations = (
				9716A2A31ABD51D000EABF22 /* Debug */,
				9716A2A41ABD51D000EABF22 /* Release */,
			);
			defaultConfigurationIsVisible = 0;
			defaultConfigurationName = Debug;
		};
		9716A2A51ABD51D000EABF22 /* Build configuration list for PBXLegacyTarget "TestingMainWithNamespaceTests" */ = {
			isa = XCConfigurationList;
			buildConfigurations = (
				9716A2A61ABD51D000EABF22 /* Debug */,
				9716A2A71ABD51D000EABF22 /* Release */,
			);
			defaultConfigurationIsVisible = 0;
			defaultConfigurationName = Debug;
		};
		9716A2A91ABD521700EABF22 /* Build configuration list for PBXLegacyTarget "TestingMainWithDefineTests" */ = {
			isa = XCConfigurationList;
			buildConfigurations = (
				9716A2AA1ABD521700EABF22 /* Debug */,
				9716A2AB1ABD521700EABF22 /* Release */,
			);
			defaultConfigurationIsVisible = 0;
			defaultConfigurationName = Debug;
		};
/* End XCConfigurationList section */
	};
	rootObject = 9716A29E1ABD51D000EABF22 /* Project object */;
}
